
Microsoft Visual Studio Solution File, Format Version 12.00
# Visual Studio 14
VisualStudioVersion = 14.0.25123.0
MinimumVisualStudioVersion = 10.0.40219.1
Project("{FAE04EC0-301F-11D3-BF4B-00C04F79EFBC}") = "Music Genre Grouper", "Music Genre Grouper.csproj", "{221E89B0-1A72-4C35-B018-5232E8B5DE0F}"
EndProject
Global
	GlobalSection(SolutionConfigurationPlatforms) = preSolution
		Debug|Any CPU = Debug|Any CPU
		Release|Any CPU = Release|Any CPU
	EndGlobalSection
	GlobalSection(ProjectConfigurationPlatforms) = postSolution
		{221E89B0-1A72-4C35-B018-5232E8B5DE0F}.Debug|Any CPU.ActiveCfg = Debug|Any CPU
		{221E89B0-1A72-4C35-B018-5232E8B5DE0F}.Debug|Any CPU.Build.0 = Debug|Any CPU
		{221E89B0-1A72-4C35-B018-5232E8B5DE0F}.Release|Any CPU.ActiveCfg = Release|Any CPU
		{221E89B0-1A72-4C35-B018-5232E8B5DE0F}.Release|Any CPU.Build.0 = Release|Any CPU
	EndGlobalSection
	GlobalSection(SolutionProperties) = preSolution
		HideSolutionNode = FALSE
	EndGlobalSection
EndGlobal
